# generated by rye
# use `rye lock` or `rye sync` to update this lockfile
#
# last locked with the following flags:
#   pre: false
#   features: []
#   all-features: false
#   with-sources: false
#   generate-hashes: false

ansible==8.2.0
ansible-core==2.15.12
    # via ansible
ansible-runner==2.3.6
cffi==1.16.0
    # via cryptography
cryptography==42.0.8
    # via ansible-core
docutils==0.21.2
    # via python-daemon
jinja2==3.1.4
    # via ansible-core
lockfile==0.12.2
    # via python-daemon
markupsafe==2.1.5
    # via jinja2
packaging==24.1
    # via ansible-core
    # via ansible-runner
pexpect==4.9.0
    # via ansible-runner
ptyprocess==0.7.0
    # via pexpect
pycparser==2.22
    # via cffi
python-daemon==3.0.1
    # via ansible-runner
pyyaml==6.0.1
    # via ansible-core
    # via ansible-runner
resolvelib==1.0.1
    # via ansible-core
setuptools==70.1.0
    # via python-daemon
six==1.16.0
    # via ansible-runner
